
Microsoft Visual Studio Solution File, Format Version 12.00
# Visual Studio 15
VisualStudioVersion = 15.0.27703.2035
MinimumVisualStudioVersion = 10.0.40219.1
Project("{FAE04EC0-301F-11D3-BF4B-00C04F79EFBC}") = "AndrewSnook.CIS174.EmpMgmtApp.Web", "AndrewSnook.CIS174.EmployeeManagementApp.Web\AndrewSnook.CIS174.EmpMgmtApp.Web.csproj", "{342A1D8E-CE8F-41BF-BD59-2C8555561B4A}"
EndProject
Project("{FAE04EC0-301F-11D3-BF4B-00C04F79EFBC}") = "AndrewSnook.CIS174.EmpMgmtApp.Api", "AndrewSnook.CIS174.EmployeeManagementApp.Api\AndrewSnook.CIS174.EmpMgmtApp.Api.csproj", "{77161FAF-EC41-44F6-91D9-143F481962A0}"
EndProject
Project("{FAE04EC0-301F-11D3-BF4B-00C04F79EFBC}") = "AndrewSnook.CIS174.EmpMgmtApp.Shared", "AndrewSnook.CIS174.EmployeeManagementApp.Shared\AndrewSnook.CIS174.EmpMgmtApp.Shared.csproj", "{59699A7D-B882-46A7-98C6-1B482858623E}"
EndProject
Project("{FAE04EC0-301F-11D3-BF4B-00C04F79EFBC}") = "AndrewSnook.CIS174.EmpMgmtApp.Domain", "AndrewSnook.CIS174.EmployeeManagementApp.Domain\AndrewSnook.CIS174.EmpMgmtApp.Domain.csproj", "{87B9B4C1-EC55-495E-AE97-64704DCB12DC}"
EndProject
Project("{FAE04EC0-301F-11D3-BF4B-00C04F79EFBC}") = "AndrewSnook.CIS174.EmpMgmtApp.Test", "AndrewSnook.CIS174.EmployeeManagementApp.Test\AndrewSnook.CIS174.EmpMgmtApp.Test.csproj", "{0F9375D0-303D-408E-97F9-619B23B42BA8}"
EndProject
Global
	GlobalSection(SolutionConfigurationPlatforms) = preSolution
		Debug|Any CPU = Debug|Any CPU
		Release|Any CPU = Release|Any CPU
	EndGlobalSection
	GlobalSection(ProjectConfigurationPlatforms) = postSolution
		{342A1D8E-CE8F-41BF-BD59-2C8555561B4A}.Debug|Any CPU.ActiveCfg = Debug|Any CPU
		{342A1D8E-CE8F-41BF-BD59-2C8555561B4A}.Debug|Any CPU.Build.0 = Debug|Any CPU
		{342A1D8E-CE8F-41BF-BD59-2C8555561B4A}.Release|Any CPU.ActiveCfg = Release|Any CPU
		{342A1D8E-CE8F-41BF-BD59-2C8555561B4A}.Release|Any CPU.Build.0 = Release|Any CPU
		{77161FAF-EC41-44F6-91D9-143F481962A0}.Debug|Any CPU.ActiveCfg = Debug|Any CPU
		{77161FAF-EC41-44F6-91D9-143F481962A0}.Debug|Any CPU.Build.0 = Debug|Any CPU
		{77161FAF-EC41-44F6-91D9-143F481962A0}.Release|Any CPU.ActiveCfg = Release|Any CPU
		{77161FAF-EC41-44F6-91D9-143F481962A0}.Release|Any CPU.Build.0 = Release|Any CPU
		{59699A7D-B882-46A7-98C6-1B482858623E}.Debug|Any CPU.ActiveCfg = Debug|Any CPU
		{59699A7D-B882-46A7-98C6-1B482858623E}.Debug|Any CPU.Build.0 = Debug|Any CPU
		{59699A7D-B882-46A7-98C6-1B482858623E}.Release|Any CPU.ActiveCfg = Release|Any CPU
		{59699A7D-B882-46A7-98C6-1B482858623E}.Release|Any CPU.Build.0 = Release|Any CPU
		{87B9B4C1-EC55-495E-AE97-64704DCB12DC}.Debug|Any CPU.ActiveCfg = Debug|Any CPU
		{87B9B4C1-EC55-495E-AE97-64704DCB12DC}.Debug|Any CPU.Build.0 = Debug|Any CPU
		{87B9B4C1-EC55-495E-AE97-64704DCB12DC}.Release|Any CPU.ActiveCfg = Release|Any CPU
		{87B9B4C1-EC55-495E-AE97-64704DCB12DC}.Release|Any CPU.Build.0 = Release|Any CPU
		{0F9375D0-303D-408E-97F9-619B23B42BA8}.Debug|Any CPU.ActiveCfg = Debug|Any CPU
		{0F9375D0-303D-408E-97F9-619B23B42BA8}.Debug|Any CPU.Build.0 = Debug|Any CPU
		{0F9375D0-303D-408E-97F9-619B23B42BA8}.Release|Any CPU.ActiveCfg = Release|Any CPU
		{0F9375D0-303D-408E-97F9-619B23B42BA8}.Release|Any CPU.Build.0 = Release|Any CPU
	EndGlobalSection
	GlobalSection(SolutionProperties) = preSolution
		HideSolutionNode = FALSE
	EndGlobalSection
	GlobalSection(ExtensibilityGlobals) = postSolution
		SolutionGuid = {E9EC31C0-2B06-4921-89FD-2ED38A7C42D0}
	EndGlobalSection
EndGlobal
